
Microsoft Visual Studio Solution File, Format Version 12.00
# Visual Studio 15
VisualStudioVersion = 15.0.28307.1000
MinimumVisualStudioVersion = 10.0.40219.1
Project("{FAE04EC0-301F-11D3-BF4B-00C04F79EFBC}") = "BibleBooks", "BibleBooks\BibleBooks.csproj", "{AED58315-DE0D-481F-81FF-6E88229D6E82}"
EndProject
Global
	GlobalSection(SolutionConfigurationPlatforms) = preSolution
		Debug|Any CPU = Debug|Any CPU
		Release|Any CPU = Release|Any CPU
	EndGlobalSection
	GlobalSection(ProjectConfigurationPlatforms) = postSolution
		{AED58315-DE0D-481F-81FF-6E88229D6E82}.Debug|Any CPU.ActiveCfg = Debug|Any CPU
		{AED58315-DE0D-481F-81FF-6E88229D6E82}.Debug|Any CPU.Build.0 = Debug|Any CPU
		{AED58315-DE0D-481F-81FF-6E88229D6E82}.Release|Any CPU.ActiveCfg = Release|Any CPU
		{AED58315-DE0D-481F-81FF-6E88229D6E82}.Release|Any CPU.Build.0 = Release|Any CPU
	EndGlobalSection
	GlobalSection(SolutionProperties) = preSolution
		HideSolutionNode = FALSE
	EndGlobalSection
	GlobalSection(ExtensibilityGlobals) = postSolution
		SolutionGuid = {1569887D-13DC-43A1-92AF-667E39A23762}
	EndGlobalSection
EndGlobal
